
Microsoft Visual Studio Solution File, Format Version 12.00
# Visual Studio Version 17
VisualStudioVersion = 17.3.32929.385
MinimumVisualStudioVersion = 10.0.40219.1
Project("{9A19103F-16F7-4668-BE54-9A1E7A4F7556}") = "WebStore", "WebStore\WebStore.csproj", "{67A50F97-4CDB-4128-92F7-021E6E4D5571}"
EndProject
Project("{FAE04EC0-301F-11D3-BF4B-00C04F79EFBC}") = "Tester2", "Tester2\Tester2.csproj", "{84E63E96-9AC3-43D5-87B7-EB8561AD2BE1}"
EndProject
Global
	GlobalSection(SolutionConfigurationPlatforms) = preSolution
		Debug|Any CPU = Debug|Any CPU
		Release|Any CPU = Release|Any CPU
	EndGlobalSection
	GlobalSection(ProjectConfigurationPlatforms) = postSolution
		{67A50F97-4CDB-4128-92F7-021E6E4D5571}.Debug|Any CPU.ActiveCfg = Debug|Any CPU
		{67A50F97-4CDB-4128-92F7-021E6E4D5571}.Debug|Any CPU.Build.0 = Debug|Any CPU
		{67A50F97-4CDB-4128-92F7-021E6E4D5571}.Release|Any CPU.ActiveCfg = Release|Any CPU
		{67A50F97-4CDB-4128-92F7-021E6E4D5571}.Release|Any CPU.Build.0 = Release|Any CPU
		{84E63E96-9AC3-43D5-87B7-EB8561AD2BE1}.Debug|Any CPU.ActiveCfg = Debug|Any CPU
		{84E63E96-9AC3-43D5-87B7-EB8561AD2BE1}.Debug|Any CPU.Build.0 = Debug|Any CPU
		{84E63E96-9AC3-43D5-87B7-EB8561AD2BE1}.Release|Any CPU.ActiveCfg = Release|Any CPU
		{84E63E96-9AC3-43D5-87B7-EB8561AD2BE1}.Release|Any CPU.Build.0 = Release|Any CPU
	EndGlobalSection
	GlobalSection(SolutionProperties) = preSolution
		HideSolutionNode = FALSE
	EndGlobalSection
	GlobalSection(ExtensibilityGlobals) = postSolution
		SolutionGuid = {586C2866-49BA-42A6-9418-822956497F53}
	EndGlobalSection
EndGlobal
